
Microsoft Visual Studio Solution File, Format Version 12.00
# Visual Studio Version 17
VisualStudioVersion = 17.7.34009.444
MinimumVisualStudioVersion = 10.0.40219.1
Project("{9A19103F-16F7-4668-BE54-9A1E7A4F7556}") = "SCGP", "SCGP\SCGP.csproj", "{4493B17D-3DA6-4F8D-990E-4732077292A5}"
EndProject
Project("{FAE04EC0-301F-11D3-BF4B-00C04F79EFBC}") = "SCGPServiceGetDeliveryList", "SCGPServiceGetDeliveryList\SCGPServiceGetDeliveryList.csproj", "{1E09DDB3-E27B-4D53-B6BB-CE9CDEAA427C}"
EndProject
Global
	GlobalSection(SolutionConfigurationPlatforms) = preSolution
		Debug|Any CPU = Debug|Any CPU
		Release|Any CPU = Release|Any CPU
	EndGlobalSection
	GlobalSection(ProjectConfigurationPlatforms) = postSolution
		{4493B17D-3DA6-4F8D-990E-4732077292A5}.Debug|Any CPU.ActiveCfg = Debug|Any CPU
		{4493B17D-3DA6-4F8D-990E-4732077292A5}.Debug|Any CPU.Build.0 = Debug|Any CPU
		{4493B17D-3DA6-4F8D-990E-4732077292A5}.Release|Any CPU.ActiveCfg = Release|Any CPU
		{4493B17D-3DA6-4F8D-990E-4732077292A5}.Release|Any CPU.Build.0 = Release|Any CPU
		{1E09DDB3-E27B-4D53-B6BB-CE9CDEAA427C}.Debug|Any CPU.ActiveCfg = Debug|Any CPU
		{1E09DDB3-E27B-4D53-B6BB-CE9CDEAA427C}.Debug|Any CPU.Build.0 = Debug|Any CPU
		{1E09DDB3-E27B-4D53-B6BB-CE9CDEAA427C}.Release|Any CPU.ActiveCfg = Release|Any CPU
		{1E09DDB3-E27B-4D53-B6BB-CE9CDEAA427C}.Release|Any CPU.Build.0 = Release|Any CPU
	EndGlobalSection
	GlobalSection(SolutionProperties) = preSolution
		HideSolutionNode = FALSE
	EndGlobalSection
	GlobalSection(ExtensibilityGlobals) = postSolution
		SolutionGuid = {7E68DAC1-F6A5-4D93-AD72-1EDAC6E10EDC}
	EndGlobalSection
EndGlobal
